
Microsoft Visual Studio Solution File, Format Version 12.00
# Visual Studio Version 17
VisualStudioVersion = 17.8.34330.188
MinimumVisualStudioVersion = 10.0.40219.1
Project("{2150E333-8FDC-42A3-9474-1A3956D46DE8}") = "FrontEnd", "FrontEnd", "{B9948B17-4157-4429-B4F5-05BF086438BD}"
EndProject
Project("{2150E333-8FDC-42A3-9474-1A3956D46DE8}") = "Gateway", "Gateway", "{99EFEB17-5781-4481-A60B-F449EC0D7549}"
EndProject
Project("{2150E333-8FDC-42A3-9474-1A3956D46DE8}") = "Integration", "Integration", "{9FBB76AA-288C-45F0-B757-DD5ED5A982DF}"
EndProject
Project("{2150E333-8FDC-42A3-9474-1A3956D46DE8}") = "Services", "Services", "{68234F92-E0F4-4D2C-B263-5D3C475C1326}"
EndProject
Project("{9A19103F-16F7-4668-BE54-9A1E7A4F7556}") = "Mango.Services.CouponAPI", "Mango.Services.CouponAPI\Mango.Services.CouponAPI.csproj", "{C884E4AA-CA19-412E-98DD-43DA9D5EDE9C}"
EndProject
Project("{FAE04EC0-301F-11D3-BF4B-00C04F79EFBC}") = "Mango.Web", "Mango.Web\Mango.Web.csproj", "{8AB3012B-4BDB-4757-9348-1E57407E8B96}"
EndProject
Global
	GlobalSection(SolutionConfigurationPlatforms) = preSolution
		Debug|Any CPU = Debug|Any CPU
		Release|Any CPU = Release|Any CPU
	EndGlobalSection
	GlobalSection(ProjectConfigurationPlatforms) = postSolution
		{C884E4AA-CA19-412E-98DD-43DA9D5EDE9C}.Debug|Any CPU.ActiveCfg = Debug|Any CPU
		{C884E4AA-CA19-412E-98DD-43DA9D5EDE9C}.Debug|Any CPU.Build.0 = Debug|Any CPU
		{C884E4AA-CA19-412E-98DD-43DA9D5EDE9C}.Release|Any CPU.ActiveCfg = Release|Any CPU
		{C884E4AA-CA19-412E-98DD-43DA9D5EDE9C}.Release|Any CPU.Build.0 = Release|Any CPU
		{8AB3012B-4BDB-4757-9348-1E57407E8B96}.Debug|Any CPU.ActiveCfg = Debug|Any CPU
		{8AB3012B-4BDB-4757-9348-1E57407E8B96}.Debug|Any CPU.Build.0 = Debug|Any CPU
		{8AB3012B-4BDB-4757-9348-1E57407E8B96}.Release|Any CPU.ActiveCfg = Release|Any CPU
		{8AB3012B-4BDB-4757-9348-1E57407E8B96}.Release|Any CPU.Build.0 = Release|Any CPU
	EndGlobalSection
	GlobalSection(SolutionProperties) = preSolution
		HideSolutionNode = FALSE
	EndGlobalSection
	GlobalSection(NestedProjects) = preSolution
		{C884E4AA-CA19-412E-98DD-43DA9D5EDE9C} = {68234F92-E0F4-4D2C-B263-5D3C475C1326}
		{8AB3012B-4BDB-4757-9348-1E57407E8B96} = {B9948B17-4157-4429-B4F5-05BF086438BD}
	EndGlobalSection
	GlobalSection(ExtensibilityGlobals) = postSolution
		SolutionGuid = {E78B9F68-5888-49D4-A077-4EDEC1745EF0}
	EndGlobalSection
EndGlobal
